// !$*UTF8*$!
{
	archiveVersion = 1;
	classes = {
	};
	objectVersion = 46;
	objects = {

/* Begin PBXBuildFile section */
		889D72271D670C650067765A /* AppDelegate.swift in Sources */ = {isa = PBXBuildFile; fileRef = 889D72261D670C650067765A /* AppDelegate.swift */; };
		889D72291D670C650067765A /* ViewController.swift in Sources */ = {isa = PBXBuildFile; fileRef = 889D72281D670C650067765A /* ViewController.swift */; };
		889D722C1D670C650067765A /* Main.storyboard in Resources */ = {isa = PBXBuildFile; fileRef = 889D722A1D670C650067765A /* Main.storyboard */; };
		889D722E1D670C650067765A /* Assets.xcassets in Resources */ = {isa = PBXBuildFile; fileRef = 889D722D1D670C650067765A /* Assets.xcassets */; };
		889D72311D670C650067765A /* LaunchScreen.storyboard in Resources */ = {isa = PBXBuildFile; fileRef = 889D722F1D670C650067765A /* LaunchScreen.storyboard */; };
		889D72391D670EFA0067765A /* TestScene.swift in Sources */ = {isa = PBXBuildFile; fileRef = 889D72381D670EFA0067765A /* TestScene.swift */; };
/* End PBXBuildFile section */

/* Begin PBXFileReference section */
		889D72231D670C640067765A /* TestPhysicsCollision.app */ = {isa = PBXFileReference; explicitFileType = wrapper.application; includeInIndex = 0; path = TestPhysicsCollision.app; sourceTree = BUILT_PRODUCTS_DIR; };
		889D72261D670C650067765A /* AppDelegate.swift */ = {isa = PBXFileReference; lastKnownFileType = sourcecode.swift; path = AppDelegate.swift; sourceTree = "<group>"; };
		889D72281D670C650067765A /* ViewController.swift */ = {isa = PBXFileReference; lastKnownFileType = sourcecode.swift; path = ViewController.swift; sourceTree = "<group>"; };
		889D722B1D670C650067765A /* Base */ = {isa = PBXFileReference; lastKnownFileType = file.storyboard; name = Base; path = Base.lproj/Main.storyboard; sourceTree = "<group>"; };
		889D722D1D670C650067765A /* Assets.xcassets */ = {isa = PBXFileReference; lastKnownFileType = folder.assetcatalog; path = Assets.xcassets; sourceTree = "<group>"; };
		889D72301D670C650067765A /* Base */ = {isa = PBXFileReference; lastKnownFileType = file.storyboard; name = Base; path = Base.lproj/LaunchScreen.storyboard; sourceTree = "<group>"; };
		889D72321D670C650067765A /* Info.plist */ = {isa = PBXFileReference; lastKnownFileType = text.plist.xml; path = Info.plist; sourceTree = "<group>"; };
		889D72381D670EFA0067765A /* TestScene.swift */ = {isa = PBXFileReference; fileEncoding = 4; lastKnownFileType = sourcecode.swift; path = TestScene.swift; sourceTree = "<group>"; };
/* End PBXFileReference section */

/* Begin PBXFrameworksBuildPhase section */
		889D72201D670C640067765A /* Frameworks */ = {
			isa = PBXFrameworksBuildPhase;
			buildActionMask = 2147483647;
			files = (
			);
			runOnlyForDeploymentPostprocessing = 0;
		};
/* End PBXFrameworksBuildPhase section */

/* Begin PBXGroup section */
		889D721A1D670C640067765A = {
			isa = PBXGroup;
			children = (
				889D72251D670C650067765A /* TestPhysicsCollision */,
				889D72241D670C640067765A /* Products */,
			);
			sourceTree = "<group>";
		};
		889D72241D670C640067765A /* Products */ = {
			isa = PBXGroup;
			children = (
				889D72231D670C640067765A /* TestPhysicsCollision.app */,
			);
			name = Products;
			sourceTree = "<group>";
		};
		889D72251D670C650067765A /* TestPhysicsCollision */ = {
			isa = PBXGroup;
			children = (
				889D72261D670C650067765A /* AppDelegate.swift */,
				889D72281D670C650067765A /* ViewController.swift */,
				889D722A1D670C650067765A /* Main.storyboard */,
				889D72381D670EFA0067765A /* TestScene.swift */,
				889D722D1D670C650067765A /* Assets.xcassets */,
				889D722F1D670C650067765A /* LaunchScreen.storyboard */,
				889D72321D670C650067765A /* Info.plist */,
			);
			path = TestPhysicsCollision;
			sourceTree = "<group>";
		};
/* End PBXGroup section */

/* Begin PBXNativeTarget section */
		889D72221D670C640067765A /* TestPhysicsCollision */ = {
			isa = PBXNativeTarget;
			buildConfigurationList = 889D72351D670C650067765A /* Build configuration list for PBXNativeTarget "TestPhysicsCollision" */;
			buildPhases = (
				889D721F1D670C640067765A /* Sources */,
				889D72201D670C640067765A /* Frameworks */,
				889D72211D670C640067765A /* Resources */,
			);
			buildRules = (
			);
			dependencies = (
			);
			name = TestPhysicsCollision;
			productName = TestPhysicsCollision;
			productReference = 889D72231D670C640067765A /* TestPhysicsCollision.app */;
			productType = "com.apple.product-type.application";
		};
/* End PBXNativeTarget section */

/* Begin PBXProject section */
		889D721B1D670C640067765A /* Project object */ = {
			isa = PBXProject;
			attributes = {
				LastSwiftUpdateCheck = 0730;
				LastUpgradeCheck = 0730;
				ORGANIZATIONNAME = TestOrganization;
				TargetAttributes = {
					889D72221D670C640067765A = {
						CreatedOnToolsVersion = 7.3.1;
					};
				};
			};
			buildConfigurationList = 889D721E1D670C640067765A /* Build configuration list for PBXProject "TestPhysicsCollision" */;
			compatibilityVersion = "Xcode 3.2";
			developmentRegion = English;
			hasScannedForEncodings = 0;
			knownRegions = (
				en,
				Base,
			);
			mainGroup = 889D721A1D670C640067765A;
			productRefGroup = 889D72241D670C640067765A /* Products */;
			projectDirPath = "";
			projectRoot = "";
			targets = (
				889D72221D670C640067765A /* TestPhysicsCollision */,
			);
		};
/* End PBXProject section */

/* Begin PBXResourcesBuildPhase section */
		889D72211D670C640067765A /* Resources */ = {
			isa = PBXResourcesBuildPhase;
			buildActionMask = 2147483647;
			files = (
				889D72311D670C650067765A /* LaunchScreen.storyboard in Resources */,
				889D722E1D670C650067765A /* Assets.xcassets in Resources */,
				889D722C1D670C650067765A /* Main.storyboard in Resources */,
			);
			runOnlyForDeploymentPostprocessing = 0;
		};
/* End PBXResourcesBuildPhase section */

/* Begin PBXSourcesBuildPhase section */
		889D721F1D670C640067765A /* Sources */ = {
			isa = PBXSourcesBuildPhase;
			buildActionMask = 2147483647;
			files = (
				889D72291D670C650067765A /* ViewController.swift in Sources */,
				889D72391D670EFA0067765A /* TestScene.swift in Sources */,
				889D72271D670C650067765A /* AppDelegate.swift in Sources */,
			);
			runOnlyForDeploymentPostprocessing = 0;
		};
/* End PBXSourcesBuildPhase section */

/* Begin PBXVariantGroup section */
		889D722A1D670C650067765A /* Main.storyboard */ = {
			isa = PBXVariantGroup;
			children = (
				889D722B1D670C650067765A /* Base */,
			);
			name = Main.storyboard;
			sourceTree = "<group>";
		};
		889D722F1D670C650067765A /* LaunchScreen.storyboard */ = {
			isa = PBXVariantGroup;
			children = (
				889D72301D670C650067765A /* Base */,
			);
			name = LaunchScreen.storyboard;
			sourceTree = "<group>";
		};
/* End PBXVariantGroup section */

/* Begin XCBuildConfiguration section */
		889D72331D670C650067765A /* Debug */ = {
			isa = XCBuildConfiguration;
			buildSettings = {
				ALWAYS_SEARCH_USER_PATHS = NO;
				CLANG_ANALYZER_NONNULL = YES;
				CLANG_CXX_LANGUAGE_STANDARD = "gnu++0x";
				CLANG_CXX_LIBRARY = "libc++";
				CLANG_ENABLE_MODULES = YES;
				CLANG_ENABLE_OBJC_ARC = YES;
				CLANG_WARN_BOOL_CONVERSION = YES;
				CLANG_WARN_CONSTANT_CONVERSION = YES;
				CLANG_WARN_DIRECT_OBJC_ISA_USAGE = YES_ERROR;
				CLANG_WARN_EMPTY_BODY = YES;
				CLANG_WARN_ENUM_CONVERSION = YES;
				CLANG_WARN_INT_CONVERSION = YES;
				CLANG_WARN_OBJC_ROOT_CLASS = YES_ERROR;
				CLANG_WARN_UNREACHABLE_CODE = YES;
				CLANG_WARN__DUPLICATE_METHOD_MATCH = YES;
				"CODE_SIGN_IDENTITY[sdk=iphoneos*]" = "iPhone Developer";
				COPY_PHASE_STRIP = NO;
				DEBUG_INFORMATION_FORMAT = dwarf;
				ENABLE_STRICT_OBJC_MSGSEND = YES;
				ENABLE_TESTABILITY = YES;
				GCC_C_LANGUAGE_STANDARD = gnu99;
				GCC_DYNAMIC_NO_PIC = NO;
				GCC_NO_COMMON_BLOCKS = YES;
				GCC_OPTIMIZATION_LEVEL = 0;
				GCC_PREPROCESSOR_DEFINITIONS = (
					"DEBUG=1",
					"$(inherited)",
				);
				GCC_WARN_64_TO_32_BIT_CONVERSION = YES;
				GCC_WARN_ABOUT_RETURN_TYPE = YES_ERROR;
				GCC_WARN_UNDECLARED_SELECTOR = YES;
				GCC_WARN_UNINITIALIZED_AUTOS = YES_AGGRESSIVE;
				GCC_WARN_UNUSED_FUNCTION = YES;
				GCC_WARN_UNUSED_VARIABLE = YES;
				IPHONEOS_DEPLOYMENT_TARGET = 9.3;
				MTL_ENABLE_DEBUG_INFO = YES;
				ONLY_ACTIVE_ARCH = YES;
				SDKROOT = iphoneos;
				SWIFT_OPTIMIZATION_LEVEL = "-Onone";
			};
			name = Debug;
		};
		889D72341D670C650067765A /* Release */ = {
			isa = XCBuildConfiguration;
			buildSettings = {
				ALWAYS_SEARCH_USER_PATHS = NO;
				CLANG_ANALYZER_NONNULL = YES;
				CLANG_CXX_LANGUAGE_STANDARD = "gnu++0x";
				CLANG_CXX_LIBRARY = "libc++";
				CLANG_ENABLE_MODULES = YES;
				CLANG_ENABLE_OBJC_ARC = YES;
				CLANG_WARN_BOOL_CONVERSION = YES;
				CLANG_WARN_CONSTANT_CONVERSION = YES;
				CLANG_WARN_DIRECT_OBJC_ISA_USAGE = YES_ERROR;
				CLANG_WARN_EMPTY_BODY = YES;
				CLANG_WARN_ENUM_CONVERSION = YES;
				CLANG_WARN_INT_CONVERSION = YES;
				CLANG_WARN_OBJC_ROOT_CLASS = YES_ERROR;
				CLANG_WARN_UNREACHABLE_CODE = YES;
				CLANG_WARN__DUPLICATE_METHOD_MATCH = YES;
				"CODE_SIGN_IDENTITY[sdk=iphoneos*]" = "iPhone Developer";
				COPY_PHASE_STRIP = NO;
				DEBUG_INFORMATION_FORMAT = "dwarf-with-dsym";
				ENABLE_NS_ASSERTIONS = NO;
				ENABLE_STRICT_OBJC_MSGSEND = YES;
				GCC_C_LANGUAGE_STANDARD = gnu99;
				GCC_NO_COMMON_BLOCKS = YES;
				GCC_WARN_64_TO_32_BIT_CONVERSION = YES;
				GCC_WARN_ABOUT_RETURN_TYPE = YES_ERROR;
				GCC_WARN_UNDECLARED_SELECTOR = YES;
				GCC_WARN_UNINITIALIZED_AUTOS = YES_AGGRESSIVE;
				GCC_WARN_UNUSED_FUNCTION = YES;
				GCC_WARN_UNUSED_VARIABLE = YES;
				IPHONEOS_DEPLOYMENT_TARGET = 9.3;
				MTL_ENABLE_DEBUG_INFO = NO;
				SDKROOT = iphoneos;
				VALIDATE_PRODUCT = YES;
			};
			name = Release;
		};
		889D72361D670C650067765A /* Debug */ = {
			isa = XCBuildConfiguration;
			buildSettings = {
				ASSETCATALOG_COMPILER_APPICON_NAME = AppIcon;
				INFOPLIST_FILE = TestPhysicsCollision/Info.plist;
				LD_RUNPATH_SEARCH_PATHS = "$(inherited) @executable_path/Frameworks";
				PRODUCT_BUNDLE_IDENTIFIER = com.test.TestPhysicsCollision;
				PRODUCT_NAME = "$(TARGET_NAME)";
			};
			name = Debug;
		};
		889D72371D670C650067765A /* Release */ = {
			isa = XCBuildConfiguration;
			buildSettings = {
				ASSETCATALOG_COMPILER_APPICON_NAME = AppIcon;
				INFOPLIST_FILE = TestPhysicsCollision/Info.plist;
				LD_RUNPATH_SEARCH_PATHS = "$(inherited) @executable_path/Frameworks";
				PRODUCT_BUNDLE_IDENTIFIER = com.test.TestPhysicsCollision;
				PRODUCT_NAME = "$(TARGET_NAME)";
			};
			name = Release;
		};
/* End XCBuildConfiguration section */

/* Begin XCConfigurationList section */
		889D721E1D670C640067765A /* Build configuration list for PBXProject "TestPhysicsCollision" */ = {
			isa = XCConfigurationList;
			buildConfigurations = (
				889D72331D670C650067765A /* Debug */,
				889D72341D670C650067765A /* Release */,
			);
			defaultConfigurationIsVisible = 0;
			defaultConfigurationName = Release;
		};
		889D72351D670C650067765A /* Build configuration list for PBXNativeTarget "TestPhysicsCollision" */ = {
			isa = XCConfigurationList;
			buildConfigurations = (
				889D72361D670C650067765A /* Debug */,
				889D72371D670C650067765A /* Release */,
			);
			defaultConfigurationIsVisible = 0;
		};
/* End XCConfigurationList section */
	};
	rootObject = 889D721B1D670C640067765A /* Project object */;
}
